{
  "nodes": {
    "blueprint": {
      "inputs": {
        "nixpkgs": [
          "data-mesher",
          "nixpkgs"
        ],
        "systems": [
          "data-mesher",
          "systems"
        ]
      },
      "locked": {
        "lastModified": 1737728850,
        "narHash": "sha256-vzDmgZ1kabldBXqRKmOWBUkQ3mhrthnlZKagNhpi6Gg=",
        "owner": "numtide",
        "repo": "blueprint",
        "rev": "d9d31d08528233f08f1040b0495ca9e53943314a",
        "type": "github"
      },
      "original": {
        "owner": "numtide",
        "repo": "blueprint",
        "type": "github"
      }
    },
    "clan-core": {
      "inputs": {
        "disko": "disko",
        "flake-parts": [
          "flake-parts"
        ],
        "nixos-facter-modules": "nixos-facter-modules",
        "nixpkgs": [
          "nixpkgs"
        ],
        "sops-nix": "sops-nix",
        "systems": "systems",
        "treefmt-nix": [
          "treefmt-nix"
        ]
      },
      "locked": {
        "lastModified": 1738750657,
        "narHash": "sha256-fFX672ngWnDTXcapuUfDIWya2lHCWCcoJCPQQFgpbSw=",
        "rev": "51d65873a7638c0a81991f2e2d0a6a1aea744fbd",
        "type": "tarball",
        "url": "https://git.clan.lol/api/v1/repos/clan/clan-core/archive/51d65873a7638c0a81991f2e2d0a6a1aea744fbd.tar.gz"
      },
      "original": {
        "type": "tarball",
        "url": "https://git.clan.lol/clan/clan-core/archive/main.tar.gz"
      }
    },
    "data-mesher": {
      "inputs": {
        "blueprint": "blueprint",
        "nixpkgs": [
          "nixpkgs"
        ],
        "systems": "systems_2",
        "treefmt-nix": "treefmt-nix"
      },
      "locked": {
        "lastModified": 1738762433,
        "narHash": "sha256-XXdy7yZC3VfdNiPFKw9OpXMub6e9MLqXw+EbvVowQRk=",
        "rev": "f832505b36976484e70d97119cce4eaec72c18f0",
        "type": "tarball",
        "url": "https://git.clan.lol/api/v1/repos/clan/data-mesher/archive/f832505b36976484e70d97119cce4eaec72c18f0.tar.gz"
      },
      "original": {
        "type": "tarball",
        "url": "https://git.clan.lol/clan/data-mesher/archive/main.tar.gz"
      }
    },
    "disko": {
      "inputs": {
        "nixpkgs": [
          "clan-core",
          "nixpkgs"
        ]
      },
      "locked": {
        "lastModified": 1738148035,
        "narHash": "sha256-KYOATYEwaKysL3HdHdS5kbQMXvzS4iPJzJrML+3TKAo=",
        "owner": "nix-community",
        "repo": "disko",
        "rev": "18d0a984cc2bc82cf61df19523a34ad463aa7f54",
        "type": "github"
      },
      "original": {
        "owner": "nix-community",
        "repo": "disko",
        "type": "github"
      }
    },
    "flake-parts": {
      "inputs": {
        "nixpkgs-lib": [
          "nixpkgs"
        ]
      },
      "locked": {
        "lastModified": 1738453229,
        "narHash": "sha256-7H9XgNiGLKN1G1CgRh0vUL4AheZSYzPm+zmZ7vxbJdo=",
        "owner": "hercules-ci",
        "repo": "flake-parts",
        "rev": "32ea77a06711b758da0ad9bd6a844c5740a87abd",
        "type": "github"
      },
      "original": {
        "owner": "hercules-ci",
        "repo": "flake-parts",
        "type": "github"
      }
    },
    "nixos-facter-modules": {
      "locked": {
        "lastModified": 1736931726,
        "narHash": "sha256-aY55yiifyo1XPPpbpH0kWlV1g2dNGBlx6622b7OK8ks=",
        "owner": "numtide",
        "repo": "nixos-facter-modules",
        "rev": "fa11d87b61b2163efbb9aed7b7a5ae0299e5ab9c",
        "type": "github"
      },
      "original": {
        "owner": "numtide",
        "repo": "nixos-facter-modules",
        "type": "github"
      }
    },
    "nixpkgs": {
      "locked": {
        "lastModified": 1738680400,
        "narHash": "sha256-ooLh+XW8jfa+91F1nhf9OF7qhuA/y1ChLx6lXDNeY5U=",
        "owner": "nixos",
        "repo": "nixpkgs",
        "rev": "799ba5bffed04ced7067a91798353d360788b30d",
        "type": "github"
      },
      "original": {
        "owner": "nixos",
        "ref": "nixos-unstable",
        "repo": "nixpkgs",
        "type": "github"
      }
    },
    "root": {
      "inputs": {
        "clan-core": "clan-core",
        "data-mesher": "data-mesher",
        "flake-parts": "flake-parts",
        "nixpkgs": "nixpkgs",
        "treefmt-nix": "treefmt-nix_2"
      }
    },
    "sops-nix": {
      "inputs": {
        "nixpkgs": [
          "clan-core",
          "nixpkgs"
        ]
      },
      "locked": {
        "lastModified": 1736953253,
        "narHash": "sha256-shJxzy7qypjq9hpETQ3gJsBZXO5E3KR0INca/xwiVp4=",
        "owner": "pinpox",
        "repo": "sops-nix",
        "rev": "a7c6e64401b6dde13c0de90230cb64087c9d9693",
        "type": "github"
      },
      "original": {
        "owner": "pinpox",
        "ref": "lazy-assertions",
        "repo": "sops-nix",
        "type": "github"
      }
    },
    "systems": {
      "locked": {
        "lastModified": 1681028828,
        "narHash": "sha256-Vy1rq5AaRuLzOxct8nz4T6wlgyUR7zLU309k9mBC768=",
        "owner": "nix-systems",
        "repo": "default",
        "rev": "da67096a3b9bf56a91d16901293e51ba5b49a27e",
        "type": "github"
      },
      "original": {
        "owner": "nix-systems",
        "repo": "default",
        "type": "github"
      }
    },
    "systems_2": {
      "locked": {
        "lastModified": 1681028828,
        "narHash": "sha256-Vy1rq5AaRuLzOxct8nz4T6wlgyUR7zLU309k9mBC768=",
        "owner": "nix-systems",
        "repo": "default",
        "rev": "da67096a3b9bf56a91d16901293e51ba5b49a27e",
        "type": "github"
      },
      "original": {
        "owner": "nix-systems",
        "repo": "default",
        "type": "github"
      }
    },
    "treefmt-nix": {
      "inputs": {
        "nixpkgs": [
          "data-mesher",
          "nixpkgs"
        ]
      },
      "locked": {
        "lastModified": 1738070913,
        "narHash": "sha256-j6jC12vCFsTGDmY2u1H12lMr62fnclNjuCtAdF1a4Nk=",
        "owner": "numtide",
        "repo": "treefmt-nix",
        "rev": "bebf27d00f7d10ba75332a0541ac43676985dea3",
        "type": "github"
      },
      "original": {
        "owner": "numtide",
        "repo": "treefmt-nix",
        "type": "github"
      }
    },
    "treefmt-nix_2": {
      "inputs": {
        "nixpkgs": [
          "nixpkgs"
        ]
      },
      "locked": {
        "lastModified": 1738680491,
        "narHash": "sha256-8X7tR3kFGkE7WEF5EXVkt4apgaN85oHZdoTGutCFs6I=",
        "owner": "numtide",
        "repo": "treefmt-nix",
        "rev": "64dbb922d51a42c0ced6a7668ca008dded61c483",
        "type": "github"
      },
      "original": {
        "owner": "numtide",
        "repo": "treefmt-nix",
        "type": "github"
      }
    }
  },
  "root": "root",
  "version": 7
}
